
Microsoft Visual Studio Solution File, Format Version 12.00
# Visual Studio Version 16
VisualStudioVersion = 16.0.29201.188
MinimumVisualStudioVersion = 10.0.40219.1
Project("{FAE04EC0-301F-11D3-BF4B-00C04F79EFBC}") = "Algoritmer", "Algoritmer.csproj", "{549D5E0F-E1AB-44C3-AC90-7B053DE545A9}"
EndProject
Global
	GlobalSection(SolutionConfigurationPlatforms) = preSolution
		Debug|Any CPU = Debug|Any CPU
		Release|Any CPU = Release|Any CPU
	EndGlobalSection
	GlobalSection(ProjectConfigurationPlatforms) = postSolution
		{549D5E0F-E1AB-44C3-AC90-7B053DE545A9}.Debug|Any CPU.ActiveCfg = Debug|Any CPU
		{549D5E0F-E1AB-44C3-AC90-7B053DE545A9}.Debug|Any CPU.Build.0 = Debug|Any CPU
		{549D5E0F-E1AB-44C3-AC90-7B053DE545A9}.Release|Any CPU.ActiveCfg = Release|Any CPU
		{549D5E0F-E1AB-44C3-AC90-7B053DE545A9}.Release|Any CPU.Build.0 = Release|Any CPU
	EndGlobalSection
	GlobalSection(SolutionProperties) = preSolution
		HideSolutionNode = FALSE
	EndGlobalSection
	GlobalSection(ExtensibilityGlobals) = postSolution
		SolutionGuid = {3B119AC3-2EF1-46C5-89D5-F1A09A114279}
	EndGlobalSection
EndGlobal
